# This file is automatically @generated by Poetry 1.4.0 and should not be changed by hand.

[[package]]
name = "codewars-test"
version = "0.2.1"
description = "Codewars test framework for Python"
category = "main"
optional = false
python-versions = "*"
files = []
develop = false

[package.source]
type = "git"
url = "https://github.com/codewars/python-test-framework.git"
reference = "HEAD"
resolved_reference = "3e2ceebd6e6eda7b5058792d1d23a48be8eefa6a"

[metadata]
lock-version = "2.0"
python-versions = "^3.10"
content-hash = "d8c8c925163955435c486b6f082f0531d4bb4ca4eecac05d57b66bd5dcd85b22"
